
Microsoft Visual Studio Solution File, Format Version 12.00
# Visual Studio Version 17
VisualStudioVersion = 17.4.33122.133
MinimumVisualStudioVersion = 10.0.40219.1
Project("{FAE04EC0-301F-11D3-BF4B-00C04F79EFBC}") = "VehicleRentel", "VehicleRentel.csproj", "{A787926A-A677-4C15-817D-57274C1E0F5C}"
EndProject
Global
	GlobalSection(SolutionConfigurationPlatforms) = preSolution
		Debug|Any CPU = Debug|Any CPU
		Release|Any CPU = Release|Any CPU
	EndGlobalSection
	GlobalSection(ProjectConfigurationPlatforms) = postSolution
		{A787926A-A677-4C15-817D-57274C1E0F5C}.Debug|Any CPU.ActiveCfg = Debug|Any CPU
		{A787926A-A677-4C15-817D-57274C1E0F5C}.Debug|Any CPU.Build.0 = Debug|Any CPU
		{A787926A-A677-4C15-817D-57274C1E0F5C}.Release|Any CPU.ActiveCfg = Release|Any CPU
		{A787926A-A677-4C15-817D-57274C1E0F5C}.Release|Any CPU.Build.0 = Release|Any CPU
	EndGlobalSection
	GlobalSection(SolutionProperties) = preSolution
		HideSolutionNode = FALSE
	EndGlobalSection
	GlobalSection(ExtensibilityGlobals) = postSolution
		SolutionGuid = {AD9729E3-12B8-4ACC-A309-8617F5D88A5C}
	EndGlobalSection
EndGlobal
